
Microsoft Visual Studio Solution File, Format Version 12.00
# Visual Studio Version 16
VisualStudioVersion = 16.0.30804.86
MinimumVisualStudioVersion = 10.0.40219.1
Project("{2150E333-8FDC-42A3-9474-1A3956D46DE8}") = "src", "src", "{F46DEBCA-CE84-47E5-8BEB-218D4D6B5E96}"
EndProject
Project("{2150E333-8FDC-42A3-9474-1A3956D46DE8}") = "Catalog", "Catalog", "{78875A37-20F0-4E63-959D-D6A2A4FC836F}"
EndProject
Project("{9A19103F-16F7-4668-BE54-9A1E7A4F7556}") = "Catalog.API", "src\Catalog\Catalog.API\Catalog.API.csproj", "{53E4EAD6-DF55-407A-A047-572807204935}"
EndProject
Project("{E53339B2-1760-4266-BCC7-CA923CBCF16C}") = "docker-compose", "docker-compose.dcproj", "{2709779E-4B44-4328-A652-E75B38581E7F}"
EndProject
Project("{2150E333-8FDC-42A3-9474-1A3956D46DE8}") = "Basket", "Basket", "{D243968C-249E-4892-A944-FB3AFA85DD12}"
EndProject
Project("{9A19103F-16F7-4668-BE54-9A1E7A4F7556}") = "Basket.API", "src\Basket\Basket.API\Basket.API.csproj", "{516F061C-A5F1-4811-B1FD-04369508536A}"
EndProject
Project("{2150E333-8FDC-42A3-9474-1A3956D46DE8}") = "Common", "Common", "{E5BBFD0F-940E-4A8D-A0AC-62925B109FED}"
EndProject
Project("{9A19103F-16F7-4668-BE54-9A1E7A4F7556}") = "EventBusRabbitMQ", "src\Common\EventBusRabbitMQ\EventBusRabbitMQ.csproj", "{27DA19C2-BBB1-46DB-86BF-E8A49DF4A56B}"
EndProject
Project("{2150E333-8FDC-42A3-9474-1A3956D46DE8}") = "Ordering", "Ordering", "{6A9DA792-3A50-41A7-B7EB-8555D227C18C}"
EndProject
Project("{9A19103F-16F7-4668-BE54-9A1E7A4F7556}") = "Ordering.API", "src\Ordering\Ordering.API\Ordering.API.csproj", "{B3CB9633-AE46-4992-85D3-D3E1E905198F}"
EndProject
Project("{9A19103F-16F7-4668-BE54-9A1E7A4F7556}") = "Ordering.Core", "src\Ordering\Ordering.Core\Ordering.Core.csproj", "{3560D65F-7321-439D-AF26-40EA47A5E77C}"
EndProject
Project("{9A19103F-16F7-4668-BE54-9A1E7A4F7556}") = "Ordering.Infrastructure", "src\Ordering\Ordering.Infrastructure\Ordering.Infrastructure.csproj", "{AED6379D-EDA7-4379-B77B-A36F83E54FAA}"
EndProject
Project("{9A19103F-16F7-4668-BE54-9A1E7A4F7556}") = "Ordering.Application", "src\Ordering\Ordering.Application\Ordering.Application.csproj", "{6F568778-7496-4B89-83F6-D7AA1F32D731}"
EndProject
Project("{2150E333-8FDC-42A3-9474-1A3956D46DE8}") = "ApiGateway", "ApiGateway", "{4A3A8931-1C43-4EC6-9E00-393D78ECADB8}"
EndProject
Project("{9A19103F-16F7-4668-BE54-9A1E7A4F7556}") = "OcelotAPIGateway", "src\ApiGateway\OcelotAPIGateway\OcelotAPIGateway.csproj", "{ADAA174B-3322-427E-8C1C-39F9287BA8F4}"
EndProject
Project("{2150E333-8FDC-42A3-9474-1A3956D46DE8}") = "WebApp", "WebApp", "{6F0525C9-541C-47FC-AB0A-014E559BF406}"
EndProject
Project("{2150E333-8FDC-42A3-9474-1A3956D46DE8}") = "app", "app", "{EAB1D12A-3134-4CF6-91E4-FD81E36497E9}"
EndProject
Global
	GlobalSection(SolutionConfigurationPlatforms) = preSolution
		Debug|Any CPU = Debug|Any CPU
		Release|Any CPU = Release|Any CPU
	EndGlobalSection
	GlobalSection(ProjectConfigurationPlatforms) = postSolution
		{53E4EAD6-DF55-407A-A047-572807204935}.Debug|Any CPU.ActiveCfg = Debug|Any CPU
		{53E4EAD6-DF55-407A-A047-572807204935}.Debug|Any CPU.Build.0 = Debug|Any CPU
		{53E4EAD6-DF55-407A-A047-572807204935}.Release|Any CPU.ActiveCfg = Release|Any CPU
		{53E4EAD6-DF55-407A-A047-572807204935}.Release|Any CPU.Build.0 = Release|Any CPU
		{2709779E-4B44-4328-A652-E75B38581E7F}.Debug|Any CPU.ActiveCfg = Debug|Any CPU
		{2709779E-4B44-4328-A652-E75B38581E7F}.Debug|Any CPU.Build.0 = Debug|Any CPU
		{2709779E-4B44-4328-A652-E75B38581E7F}.Release|Any CPU.ActiveCfg = Release|Any CPU
		{2709779E-4B44-4328-A652-E75B38581E7F}.Release|Any CPU.Build.0 = Release|Any CPU
		{516F061C-A5F1-4811-B1FD-04369508536A}.Debug|Any CPU.ActiveCfg = Debug|Any CPU
		{516F061C-A5F1-4811-B1FD-04369508536A}.Debug|Any CPU.Build.0 = Debug|Any CPU
		{516F061C-A5F1-4811-B1FD-04369508536A}.Release|Any CPU.ActiveCfg = Release|Any CPU
		{516F061C-A5F1-4811-B1FD-04369508536A}.Release|Any CPU.Build.0 = Release|Any CPU
		{27DA19C2-BBB1-46DB-86BF-E8A49DF4A56B}.Debug|Any CPU.ActiveCfg = Debug|Any CPU
		{27DA19C2-BBB1-46DB-86BF-E8A49DF4A56B}.Debug|Any CPU.Build.0 = Debug|Any CPU
		{27DA19C2-BBB1-46DB-86BF-E8A49DF4A56B}.Release|Any CPU.ActiveCfg = Release|Any CPU
		{27DA19C2-BBB1-46DB-86BF-E8A49DF4A56B}.Release|Any CPU.Build.0 = Release|Any CPU
		{B3CB9633-AE46-4992-85D3-D3E1E905198F}.Debug|Any CPU.ActiveCfg = Debug|Any CPU
		{B3CB9633-AE46-4992-85D3-D3E1E905198F}.Debug|Any CPU.Build.0 = Debug|Any CPU
		{B3CB9633-AE46-4992-85D3-D3E1E905198F}.Release|Any CPU.ActiveCfg = Release|Any CPU
		{B3CB9633-AE46-4992-85D3-D3E1E905198F}.Release|Any CPU.Build.0 = Release|Any CPU
		{3560D65F-7321-439D-AF26-40EA47A5E77C}.Debug|Any CPU.ActiveCfg = Debug|Any CPU
		{3560D65F-7321-439D-AF26-40EA47A5E77C}.Debug|Any CPU.Build.0 = Debug|Any CPU
		{3560D65F-7321-439D-AF26-40EA47A5E77C}.Release|Any CPU.ActiveCfg = Release|Any CPU
		{3560D65F-7321-439D-AF26-40EA47A5E77C}.Release|Any CPU.Build.0 = Release|Any CPU
		{AED6379D-EDA7-4379-B77B-A36F83E54FAA}.Debug|Any CPU.ActiveCfg = Debug|Any CPU
		{AED6379D-EDA7-4379-B77B-A36F83E54FAA}.Debug|Any CPU.Build.0 = Debug|Any CPU
		{AED6379D-EDA7-4379-B77B-A36F83E54FAA}.Release|Any CPU.ActiveCfg = Release|Any CPU
		{AED6379D-EDA7-4379-B77B-A36F83E54FAA}.Release|Any CPU.Build.0 = Release|Any CPU
		{6F568778-7496-4B89-83F6-D7AA1F32D731}.Debug|Any CPU.ActiveCfg = Debug|Any CPU
		{6F568778-7496-4B89-83F6-D7AA1F32D731}.Debug|Any CPU.Build.0 = Debug|Any CPU
		{6F568778-7496-4B89-83F6-D7AA1F32D731}.Release|Any CPU.ActiveCfg = Release|Any CPU
		{6F568778-7496-4B89-83F6-D7AA1F32D731}.Release|Any CPU.Build.0 = Release|Any CPU
		{ADAA174B-3322-427E-8C1C-39F9287BA8F4}.Debug|Any CPU.ActiveCfg = Debug|Any CPU
		{ADAA174B-3322-427E-8C1C-39F9287BA8F4}.Debug|Any CPU.Build.0 = Debug|Any CPU
		{ADAA174B-3322-427E-8C1C-39F9287BA8F4}.Release|Any CPU.ActiveCfg = Release|Any CPU
		{ADAA174B-3322-427E-8C1C-39F9287BA8F4}.Release|Any CPU.Build.0 = Release|Any CPU
	EndGlobalSection
	GlobalSection(SolutionProperties) = preSolution
		HideSolutionNode = FALSE
	EndGlobalSection
	GlobalSection(NestedProjects) = preSolution
		{78875A37-20F0-4E63-959D-D6A2A4FC836F} = {F46DEBCA-CE84-47E5-8BEB-218D4D6B5E96}
		{53E4EAD6-DF55-407A-A047-572807204935} = {78875A37-20F0-4E63-959D-D6A2A4FC836F}
		{D243968C-249E-4892-A944-FB3AFA85DD12} = {F46DEBCA-CE84-47E5-8BEB-218D4D6B5E96}
		{516F061C-A5F1-4811-B1FD-04369508536A} = {D243968C-249E-4892-A944-FB3AFA85DD12}
		{E5BBFD0F-940E-4A8D-A0AC-62925B109FED} = {F46DEBCA-CE84-47E5-8BEB-218D4D6B5E96}
		{27DA19C2-BBB1-46DB-86BF-E8A49DF4A56B} = {E5BBFD0F-940E-4A8D-A0AC-62925B109FED}
		{6A9DA792-3A50-41A7-B7EB-8555D227C18C} = {F46DEBCA-CE84-47E5-8BEB-218D4D6B5E96}
		{B3CB9633-AE46-4992-85D3-D3E1E905198F} = {6A9DA792-3A50-41A7-B7EB-8555D227C18C}
		{3560D65F-7321-439D-AF26-40EA47A5E77C} = {6A9DA792-3A50-41A7-B7EB-8555D227C18C}
		{AED6379D-EDA7-4379-B77B-A36F83E54FAA} = {6A9DA792-3A50-41A7-B7EB-8555D227C18C}
		{6F568778-7496-4B89-83F6-D7AA1F32D731} = {6A9DA792-3A50-41A7-B7EB-8555D227C18C}
		{4A3A8931-1C43-4EC6-9E00-393D78ECADB8} = {F46DEBCA-CE84-47E5-8BEB-218D4D6B5E96}
		{ADAA174B-3322-427E-8C1C-39F9287BA8F4} = {4A3A8931-1C43-4EC6-9E00-393D78ECADB8}
		{6F0525C9-541C-47FC-AB0A-014E559BF406} = {F46DEBCA-CE84-47E5-8BEB-218D4D6B5E96}
		{EAB1D12A-3134-4CF6-91E4-FD81E36497E9} = {6F0525C9-541C-47FC-AB0A-014E559BF406}
	EndGlobalSection
	GlobalSection(ExtensibilityGlobals) = postSolution
		SolutionGuid = {0D930416-62A9-4BAC-9866-E642D25B751F}
	EndGlobalSection
EndGlobal
